
Microsoft Visual Studio Solution File, Format Version 12.00
# Visual Studio Version 17
VisualStudioVersion = 17.13.35806.99 d17.13
MinimumVisualStudioVersion = 10.0.40219.1
Project("{FAE04EC0-301F-11D3-BF4B-00C04F79EFBC}") = "DueDateCalculator", "DueDateCalculator\DueDateCalculator.csproj", "{B93D39AD-7996-4F82-8E26-BBD556453E65}"
EndProject
Global
	GlobalSection(SolutionConfigurationPlatforms) = preSolution
		Debug|Any CPU = Debug|Any CPU
		Release|Any CPU = Release|Any CPU
	EndGlobalSection
	GlobalSection(ProjectConfigurationPlatforms) = postSolution
		{B93D39AD-7996-4F82-8E26-BBD556453E65}.Debug|Any CPU.ActiveCfg = Debug|Any CPU
		{B93D39AD-7996-4F82-8E26-BBD556453E65}.Debug|Any CPU.Build.0 = Debug|Any CPU
		{B93D39AD-7996-4F82-8E26-BBD556453E65}.Release|Any CPU.ActiveCfg = Release|Any CPU
		{B93D39AD-7996-4F82-8E26-BBD556453E65}.Release|Any CPU.Build.0 = Release|Any CPU
	EndGlobalSection
	GlobalSection(SolutionProperties) = preSolution
		HideSolutionNode = FALSE
	EndGlobalSection
	GlobalSection(ExtensibilityGlobals) = postSolution
		SolutionGuid = {192F1D25-A7A0-411F-BC7D-414ACD4395A6}
	EndGlobalSection
EndGlobal
